PODS:
  - Capacitor (6.2.0):
    - CapacitorCordova
  - CapacitorApp (6.0.2):
    - Capacitor
  - CapacitorCordova (6.2.0)
  - CapacitorLocalNotifications (6.1.2):
    - Capacitor
  - CapacitorToast (6.0.3):
    - Capacitor

DEPENDENCIES:
  - "Capacitor (from `../../node_modules/@capacitor/ios`)"
  - "CapacitorApp (from `../../node_modules/@capacitor/app`)"
  - "CapacitorCordova (from `../../node_modules/@capacitor/ios`)"
  - "CapacitorLocalNotifications (from `../../node_modules/@capacitor/local-notifications`)"
  - "CapacitorToast (from `../../node_modules/@capacitor/toast`)"

EXTERNAL SOURCES:
  Capacitor:
    :path: "../../node_modules/@capacitor/ios"
  CapacitorApp:
    :path: "../../node_modules/@capacitor/app"
  CapacitorCordova:
    :path: "../../node_modules/@capacitor/ios"
  CapacitorLocalNotifications:
    :path: "../../node_modules/@capacitor/local-notifications"
  CapacitorToast:
    :path: "../../node_modules/@capacitor/toast"

SPEC CHECKSUMS:
  Capacitor: 05d35014f4425b0740fc8776481f6a369ad071bf
  CapacitorApp: e1e6b7d05e444d593ca16fd6d76f2b7c48b5aea7
  CapacitorCordova: b33e7f4aa4ed105dd43283acdd940964374a87d9
  CapacitorLocalNotifications: 65d718c32cbcb753697627bea76dd4336ef85dc2
  CapacitorToast: 325d1815e2c2b556257909df7ef1e25eb96cd0c5

PODFILE CHECKSUM: 916503568847a92cd8dfd973658889fefe541cb2

COCOAPODS: 1.16.2
