PODS:
  - Capacitor (7.6.0):
    - CapacitorCordova
  - CapacitorApp (7.1.2):
    - Capacitor
  - CapacitorCordova (7.6.0)
  - CapacitorLocalNotifications (7.0.6):
    - Capacitor
  - CapacitorStatusBar (7.0.5):
    - Capacitor
  - CapacitorToast (7.0.4):
    - Capacitor

DEPENDENCIES:
  - "Capacitor (from `../../node_modules/@capacitor/ios`)"
  - "CapacitorApp (from `../../node_modules/@capacitor/app`)"
  - "CapacitorCordova (from `../../node_modules/@capacitor/ios`)"
  - "CapacitorLocalNotifications (from `../../node_modules/@capacitor/local-notifications`)"
  - "CapacitorStatusBar (from `../../node_modules/@capacitor/status-bar`)"
  - "CapacitorToast (from `../../node_modules/@capacitor/toast`)"

EXTERNAL SOURCES:
  Capacitor:
    :path: "../../node_modules/@capacitor/ios"
  CapacitorApp:
    :path: "../../node_modules/@capacitor/app"
  CapacitorCordova:
    :path: "../../node_modules/@capacitor/ios"
  CapacitorLocalNotifications:
    :path: "../../node_modules/@capacitor/local-notifications"
  CapacitorStatusBar:
    :path: "../../node_modules/@capacitor/status-bar"
  CapacitorToast:
    :path: "../../node_modules/@capacitor/toast"

SPEC CHECKSUMS:
  Capacitor: 9251cf0e689bfcc0f8ddc9bae2267108019d9de0
  CapacitorApp: 6b89831465d6bc99bc89779b1b7f5327e33011ce
  CapacitorCordova: f163aa2e84b79efc54d6a75b305bc7e05fb80c5d
  CapacitorLocalNotifications: ae0b5008877d68731d693156fe21d786d30a4feb
  CapacitorStatusBar: b4bdcf487553983ffc68d81dfe1668bacb48252f
  CapacitorToast: 66b36ba774875ddfe9863efd1bf1e9a968fcc732

PODFILE CHECKSUM: 749b4662cae1515b8607716c756a3582d55b14a8

COCOAPODS: 1.16.2
